{
  "name": "jobapps",
  "lockfileVersion": 2,
  "requires": true,
  "packages": {
    "": {
      "dependencies": {
        "@fortawesome/fontawesome-free": "^5.12.0",
        "datatables.net": "^2.3.4",
        "datatables.net-bs4": "^2.3.4",
        "jquery": "^3.7.1",
        "jquery-ui-dist": "^1.13.3",
        "jquery.maskedinput": "^1.4.1",
        "multiple-select": "^2.2.0"
      }
    },
    "node_modules/@fortawesome/fontawesome-free": {
      "version": "5.12.1",
      "resolved": "https://registry.yarnpkg.com/@fortawesome/fontawesome-free/-/fontawesome-free-5.12.1.tgz",
      "integrity": "sha1-Kpj+qfu4pgbdx5pGgANOnVWRxVA= sha512-ZtjIIFplxncqxvogq148C3hBLQE+W3iJ8E4UvJ09zIJUgzwLcROsWwFDErVSXY2Plzao5J9KUYNHKHMEUYDMKw==",
      "engines": {
        "node": ">=6"
      }
    },
    "node_modules/datatables.net": {
      "version": "2.3.4",
      "resolved": "https://registry.npmjs.org/datatables.net/-/datatables.net-2.3.4.tgz",
      "integrity": "sha512-fKuRlrBIdpAl2uIFgl9enKecHB41QmFd/2nN9LBbOvItV/JalAxLcyqdZXex7wX4ZXjnJQEnv6xeS9veOpKzSw==",
      "dependencies": {
        "jquery": ">=1.7"
      }
    },
    "node_modules/datatables.net-bs4": {
      "version": "2.3.4",
      "resolved": "https://registry.npmjs.org/datatables.net-bs4/-/datatables.net-bs4-2.3.4.tgz",
      "integrity": "sha512-uWcVr8OQeqK6gWIbZDIebm+gtBT3KsDynKduZSUHM8hL3TIsWAyYzb7LxVHSpVRy9iqRqIvpVDEw0tx/IrnxrA==",
      "dependencies": {
        "datatables.net": "2.3.4",
        "jquery": ">=1.7"
      }
    },
    "node_modules/jquery": {
      "version": "3.7.1",
      "resolved": "https://registry.yarnpkg.com/jquery/-/jquery-3.7.1.tgz",
      "integrity": "sha1-CD75iSfJpqdNBaavAoBlZtFidN4= sha512-m4avr8yL8kmFN8psrbFFFmB/If14iN5o9nw/NgnnM+kybDJpRsAynV2BsfpTYrTRysYUdADVD7CkUUizgkpLfg=="
    },
    "node_modules/jquery-ui-dist": {
      "version": "1.13.3",
      "resolved": "https://registry.npmjs.org/jquery-ui-dist/-/jquery-ui-dist-1.13.3.tgz",
      "integrity": "sha512-qeTR3SOSQ0jgxaNXSFU6+JtxdzNUSJKgp8LCzVrVKntM25+2YBJW1Ea8B2AwjmmSHfPLy2dSlZxJQN06OfVFhg==",
      "dependencies": {
        "jquery": ">=1.8.0 <4.0.0"
      }
    },
    "node_modules/jquery.maskedinput": {
      "version": "1.4.1",
      "resolved": "https://registry.yarnpkg.com/jquery.maskedinput/-/jquery.maskedinput-1.4.1.tgz",
      "integrity": "sha1-Pqj0zcTq/Oc1TCe2anPQ9E3vwyc="
    },
    "node_modules/multiple-select": {
      "version": "2.2.0",
      "resolved": "https://registry.npmjs.org/multiple-select/-/multiple-select-2.2.0.tgz",
      "integrity": "sha512-TKYQk1tUAwACb5AkkrxbnIY6B10Mf1WIrcMdy4iMr6ALsgda2mK0nl6iiVzKh+WTbPN3qh8YgQP/siCxb/996A==",
      "peerDependencies": {
        "jquery": "3"
      }
    }
  },
  "dependencies": {
    "@fortawesome/fontawesome-free": {
      "version": "5.12.1",
      "resolved": "https://registry.yarnpkg.com/@fortawesome/fontawesome-free/-/fontawesome-free-5.12.1.tgz",
      "integrity": "sha1-Kpj+qfu4pgbdx5pGgANOnVWRxVA= sha512-ZtjIIFplxncqxvogq148C3hBLQE+W3iJ8E4UvJ09zIJUgzwLcROsWwFDErVSXY2Plzao5J9KUYNHKHMEUYDMKw=="
    },
    "datatables.net": {
      "version": "2.3.4",
      "resolved": "https://registry.npmjs.org/datatables.net/-/datatables.net-2.3.4.tgz",
      "integrity": "sha512-fKuRlrBIdpAl2uIFgl9enKecHB41QmFd/2nN9LBbOvItV/JalAxLcyqdZXex7wX4ZXjnJQEnv6xeS9veOpKzSw==",
      "requires": {
        "jquery": ">=1.7"
      }
    },
    "datatables.net-bs4": {
      "version": "2.3.4",
      "resolved": "https://registry.npmjs.org/datatables.net-bs4/-/datatables.net-bs4-2.3.4.tgz",
      "integrity": "sha512-uWcVr8OQeqK6gWIbZDIebm+gtBT3KsDynKduZSUHM8hL3TIsWAyYzb7LxVHSpVRy9iqRqIvpVDEw0tx/IrnxrA==",
      "requires": {
        "datatables.net": "2.3.4",
        "jquery": ">=1.7"
      }
    },
    "jquery": {
      "version": "3.7.1",
      "resolved": "https://registry.yarnpkg.com/jquery/-/jquery-3.7.1.tgz",
      "integrity": "sha1-CD75iSfJpqdNBaavAoBlZtFidN4= sha512-m4avr8yL8kmFN8psrbFFFmB/If14iN5o9nw/NgnnM+kybDJpRsAynV2BsfpTYrTRysYUdADVD7CkUUizgkpLfg=="
    },
    "jquery-ui-dist": {
      "version": "1.13.3",
      "resolved": "https://registry.npmjs.org/jquery-ui-dist/-/jquery-ui-dist-1.13.3.tgz",
      "integrity": "sha512-qeTR3SOSQ0jgxaNXSFU6+JtxdzNUSJKgp8LCzVrVKntM25+2YBJW1Ea8B2AwjmmSHfPLy2dSlZxJQN06OfVFhg==",
      "requires": {
        "jquery": ">=1.8.0 <4.0.0"
      }
    },
    "jquery.maskedinput": {
      "version": "1.4.1",
      "resolved": "https://registry.yarnpkg.com/jquery.maskedinput/-/jquery.maskedinput-1.4.1.tgz",
      "integrity": "sha1-Pqj0zcTq/Oc1TCe2anPQ9E3vwyc="
    },
    "multiple-select": {
      "version": "2.2.0",
      "resolved": "https://registry.npmjs.org/multiple-select/-/multiple-select-2.2.0.tgz",
      "integrity": "sha512-TKYQk1tUAwACb5AkkrxbnIY6B10Mf1WIrcMdy4iMr6ALsgda2mK0nl6iiVzKh+WTbPN3qh8YgQP/siCxb/996A==",
      "requires": {}
    }
  }
}
