# THIS IS AN AUTOGENERATED FILE. DO NOT EDIT THIS FILE DIRECTLY.
# yarn lockfile v1


datatables.net-dt@^1.10.20:
  version "1.10.20"
  resolved "https://registry.yarnpkg.com/datatables.net-dt/-/datatables.net-dt-1.10.20.tgz#998ab7d035e1ad52ad406451026ab968d1e63849"
  integrity sha512-D+65buDke96a3WlJo2re+SbcAVfjPh2nsFZG198Vbkz3i1wKPdB+wkV2K07qYIiIpypcXWOnD2pz3MvnUqM9Tw==
  dependencies:
    datatables.net "1.10.20"
    jquery ">=1.7"

datatables.net@1.10.20, datatables.net@^1.10.20:
  version "1.10.20"
  resolved "https://registry.yarnpkg.com/datatables.net/-/datatables.net-1.10.20.tgz#9d65ecc3c83cbe7baa4fa5a053405c8fe42c1350"
  integrity sha512-4E4S7tTU607N3h0fZPkGmAtr9mwy462u+VJ6gxYZ8MxcRIjZqHy3Dv1GNry7i3zQCktTdWbULVKBbkAJkuHEnQ==
  dependencies:
    jquery ">=1.7"

jquery-datetimepicker@^2.5.21:
  version "2.5.21"
  resolved "https://registry.yarnpkg.com/jquery-datetimepicker/-/jquery-datetimepicker-2.5.21.tgz#00c388a78df2732fedfdb5c6529b6e84d53e0235"
  integrity sha512-wDTpZ4f1PWd1XGaIIE0n6jLynlm+akBJ7/NjaB1bk2UJSS593CHJPZ3+FNEXoyvNVUeBlBC0oX6WTfCyfUhX/w==
  dependencies:
    jquery ">= 1.7.2"
    jquery-mousewheel ">= 3.1.13"
    php-date-formatter "^1.3.4"

"jquery-mousewheel@>= 3.1.13":
  version "3.1.13"
  resolved "https://registry.yarnpkg.com/jquery-mousewheel/-/jquery-mousewheel-3.1.13.tgz#06f0335f16e353a695e7206bf50503cb523a6ee5"
  integrity sha1-BvAzXxbjU6aV5yBr9QUDy1I6buU=

jquery.maskedinput@^1.4.1:
  version "1.4.1"
  resolved "https://registry.yarnpkg.com/jquery.maskedinput/-/jquery.maskedinput-1.4.1.tgz#3ea8f4cdc4eafce7354c27b66a73d0f44defc327"
  integrity sha1-Pqj0zcTq/Oc1TCe2anPQ9E3vwyc=

"jquery@>= 1.7.2", jquery@>=1.7, jquery@^3.4.1:
  version "3.4.1"
  resolved "https://registry.yarnpkg.com/jquery/-/jquery-3.4.1.tgz#714f1f8d9dde4bdfa55764ba37ef214630d80ef2"
  integrity sha512-36+AdBzCL+y6qjw5Tx7HgzeGCzC81MDDgaUP8ld2zhx58HdqXGoBd+tHdrBMiyjGQs0Hxs/MLZTu/eHNJJuWPw==

moment@^2.24.0:
  version "2.24.0"
  resolved "https://registry.yarnpkg.com/moment/-/moment-2.24.0.tgz#0d055d53f5052aa653c9f6eb68bb5d12bf5c2b5b"
  integrity sha512-bV7f+6l2QigeBBZSM/6yTNq4P2fNpSWj/0e7jQcy87A8e7o2nAfP/34/2ky5Vw4B9S446EtIhodAzkFCcR4dQg==

multiple-select@^1.5.2:
  version "1.5.2"
  resolved "https://registry.yarnpkg.com/multiple-select/-/multiple-select-1.5.2.tgz#a7290785fc10fa4b9f26d2a92937effc63648bc8"
  integrity sha512-sTNNRrjnTtB1b1+HTKcjQ/mjWY7Gvigo9F3C/3oTQCTFEpYzwaRYFPRAOu2SogfA1hEfyJTXjyS1VAbanJMsmA==

php-date-formatter@^1.3.4:
  version "1.3.4"
  resolved "https://registry.yarnpkg.com/php-date-formatter/-/php-date-formatter-1.3.4.tgz#09a15ae0766ba0beb1900c27c1ec319ef2e4563e"
  integrity sha1-CaFa4HZroL6xkAwnwewxnvLkVj4=
